
Microsoft Visual Studio Solution File, Format Version 12.00
# Visual Studio 15
VisualStudioVersion = 15.0.28307.271
MinimumVisualStudioVersion = 10.0.40219.1
Project("{FAE04EC0-301F-11D3-BF4B-00C04F79EFBC}") = "ConsoleApp1", "ConsoleApp1\ConsoleApp1.csproj", "{6E9D3DBB-C09C-4770-9912-1BC2BDE6CA9D}"
EndProject
Global
	GlobalSection(SolutionConfigurationPlatforms) = preSolution
		Debug|Any CPU = Debug|Any CPU
		Release|Any CPU = Release|Any CPU
	EndGlobalSection
	GlobalSection(ProjectConfigurationPlatforms) = postSolution
		{6E9D3DBB-C09C-4770-9912-1BC2BDE6CA9D}.Debug|Any CPU.ActiveCfg = Debug|Any CPU
		{6E9D3DBB-C09C-4770-9912-1BC2BDE6CA9D}.Debug|Any CPU.Build.0 = Debug|Any CPU
		{6E9D3DBB-C09C-4770-9912-1BC2BDE6CA9D}.Release|Any CPU.ActiveCfg = Release|Any CPU
		{6E9D3DBB-C09C-4770-9912-1BC2BDE6CA9D}.Release|Any CPU.Build.0 = Release|Any CPU
	EndGlobalSection
	GlobalSection(SolutionProperties) = preSolution
		HideSolutionNode = FALSE
	EndGlobalSection
	GlobalSection(ExtensibilityGlobals) = postSolution
		SolutionGuid = {55ADC911-B01C-4D53-8635-6361D367B01B}
	EndGlobalSection
EndGlobal
